
Microsoft Visual Studio Solution File, Format Version 12.00
# Visual Studio Version 17
VisualStudioVersion = 17.7.34003.232
MinimumVisualStudioVersion = 10.0.40219.1
Project("{8BC9CEB8-8B4A-11D0-8D11-00A0C91BC942}") = "WarAction", "Source\WarAction\WarAction.vcxproj", "{12C4C7BA-1D48-409D-A888-6FE38820C642}"
	ProjectSection(ProjectDependencies) = postProject
		{CC256990-96BD-4697-8237-5F398684D515} = {CC256990-96BD-4697-8237-5F398684D515}
	EndProjectSection
EndProject
Project("{8BC9CEB8-8B4A-11D0-8D11-00A0C91BC942}") = "Game", "Source\Game\Game.vcxproj", "{00CF2227-1B70-402A-8108-20998102B254}"
	ProjectSection(ProjectDependencies) = postProject
		{AAA8B810-76ED-4500-A1A5-3FCA33C316AD} = {AAA8B810-76ED-4500-A1A5-3FCA33C316AD}
		{CC256990-96BD-4697-8237-5F398684D515} = {CC256990-96BD-4697-8237-5F398684D515}
		{E2FF48BA-A783-4302-9ECB-7E0BE7334C9B} = {E2FF48BA-A783-4302-9ECB-7E0BE7334C9B}
	EndProjectSection
EndProject
Project("{8BC9CEB8-8B4A-11D0-8D11-00A0C91BC942}") = "Menu", "Source\Menu\Menu.vcxproj", "{A07E4ABF-9E71-40FD-A0C4-10BFFC563014}"
	ProjectSection(ProjectDependencies) = postProject
		{69F5F276-CE3A-4BE7-8028-60E8E316525D} = {69F5F276-CE3A-4BE7-8028-60E8E316525D}
		{AAA8B810-76ED-4500-A1A5-3FCA33C316AD} = {AAA8B810-76ED-4500-A1A5-3FCA33C316AD}
		{CC256990-96BD-4697-8237-5F398684D515} = {CC256990-96BD-4697-8237-5F398684D515}
		{E2FF48BA-A783-4302-9ECB-7E0BE7334C9B} = {E2FF48BA-A783-4302-9ECB-7E0BE7334C9B}
	EndProjectSection
EndProject
Project("{8BC9CEB8-8B4A-11D0-8D11-00A0C91BC942}") = "Text", "Source\Text\Text.vcxproj", "{3EAAAA58-D34E-451F-A28B-5CAB8503B5CE}"
	ProjectSection(ProjectDependencies) = postProject
		{CC256990-96BD-4697-8237-5F398684D515} = {CC256990-96BD-4697-8237-5F398684D515}
	EndProjectSection
EndProject
Project("{8BC9CEB8-8B4A-11D0-8D11-00A0C91BC942}") = "WAX", "Source\WAX\WAX.vcxproj", "{CC256990-96BD-4697-8237-5F398684D515}"
EndProject
Project("{2150E333-8FDC-42A3-9474-1A3956D46DE8}") = "Renderers", "Renderers", "{85C18FFE-97C2-4412-84A1-51973567045E}"
EndProject
Project("{8BC9CEB8-8B4A-11D0-8D11-00A0C91BC942}") = "CAD1024", "Source\CAD1024\CAD1024.vcxproj", "{CE2EEB2B-B806-4484-911B-371FBF366A5D}"
	ProjectSection(ProjectDependencies) = postProject
		{CC256990-96BD-4697-8237-5F398684D515} = {CC256990-96BD-4697-8237-5F398684D515}
	EndProjectSection
EndProject
Project("{8BC9CEB8-8B4A-11D0-8D11-00A0C91BC942}") = "CAD800", "Source\CAD800\CAD800.vcxproj", "{43FEF93B-44B6-4541-9611-14BC6C2AC891}"
	ProjectSection(ProjectDependencies) = postProject
		{CC256990-96BD-4697-8237-5F398684D515} = {CC256990-96BD-4697-8237-5F398684D515}
	EndProjectSection
EndProject
Project("{8BC9CEB8-8B4A-11D0-8D11-00A0C91BC942}") = "CAD640", "Source\CAD640\CAD640.vcxproj", "{B4672462-2002-47D6-AA72-9DAAB64A407D}"
	ProjectSection(ProjectDependencies) = postProject
		{CC256990-96BD-4697-8237-5F398684D515} = {CC256990-96BD-4697-8237-5F398684D515}
	EndProjectSection
EndProject
Project("{2150E333-8FDC-42A3-9474-1A3956D46DE8}") = "SDK", "SDK", "{973791C9-72AF-4AA3-935F-CE0E72FBBF0A}"
EndProject
Project("{8BC9CEB8-8B4A-11D0-8D11-00A0C91BC942}") = "libogg", "Source\libogg\libogg.vcxproj", "{D2A217FF-1F35-42AE-9B81-4D84B0E93443}"
EndProject
Project("{8BC9CEB8-8B4A-11D0-8D11-00A0C91BC942}") = "libvorbis", "Source\libvorbis\libvorbis.vcxproj", "{66385923-BAF2-4525-929E-1CDA89E96BD6}"
	ProjectSection(ProjectDependencies) = postProject
		{D2A217FF-1F35-42AE-9B81-4D84B0E93443} = {D2A217FF-1F35-42AE-9B81-4D84B0E93443}
	EndProjectSection
EndProject
Project("{8BC9CEB8-8B4A-11D0-8D11-00A0C91BC942}") = "libvorbisfile", "Source\libvorbisfile\libvorbisfile.vcxproj", "{E5BED09A-18D3-478A-AF93-FE02B25A0537}"
	ProjectSection(ProjectDependencies) = postProject
		{66385923-BAF2-4525-929E-1CDA89E96BD6} = {66385923-BAF2-4525-929E-1CDA89E96BD6}
		{D2A217FF-1F35-42AE-9B81-4D84B0E93443} = {D2A217FF-1F35-42AE-9B81-4D84B0E93443}
	EndProjectSection
EndProject
Project("{8BC9CEB8-8B4A-11D0-8D11-00A0C91BC942}") = "winmm", "Source\winmm\winmm.vcxproj", "{AAA8B810-76ED-4500-A1A5-3FCA33C316AD}"
	ProjectSection(ProjectDependencies) = postProject
		{66385923-BAF2-4525-929E-1CDA89E96BD6} = {66385923-BAF2-4525-929E-1CDA89E96BD6}
		{D2A217FF-1F35-42AE-9B81-4D84B0E93443} = {D2A217FF-1F35-42AE-9B81-4D84B0E93443}
		{E5BED09A-18D3-478A-AF93-FE02B25A0537} = {E5BED09A-18D3-478A-AF93-FE02B25A0537}
	EndProjectSection
EndProject
Project("{8BC9CEB8-8B4A-11D0-8D11-00A0C91BC942}") = "Yoink", "Source\Yoink\Yoink.vcxproj", "{69F5F276-CE3A-4BE7-8028-60E8E316525D}"
EndProject
Project("{8BC9CEB8-8B4A-11D0-8D11-00A0C91BC942}") = "zlib", "Source\zlib\zlib.vcxproj", "{E2FF48BA-A783-4302-9ECB-7E0BE7334C9B}"
EndProject
Project("{2150E333-8FDC-42A3-9474-1A3956D46DE8}") = "Solution Items", "Solution Items", "{B3112382-B1CF-4DFC-8AEE-0E0278DDE718}"
	ProjectSection(SolutionItems) = preProject
		WarAction.x32.ini = WarAction.x32.ini
		WarAction.x64.ini = WarAction.x64.ini
	EndProjectSection
EndProject
Global
	GlobalSection(SolutionConfigurationPlatforms) = preSolution
		Debug|x64 = Debug|x64
		Debug|x86 = Debug|x86
		Release|x64 = Release|x64
		Release|x86 = Release|x86
	EndGlobalSection
	GlobalSection(ProjectConfigurationPlatforms) = postSolution
		{12C4C7BA-1D48-409D-A888-6FE38820C642}.Debug|x64.ActiveCfg = Debug|x64
		{12C4C7BA-1D48-409D-A888-6FE38820C642}.Debug|x64.Build.0 = Debug|x64
		{12C4C7BA-1D48-409D-A888-6FE38820C642}.Debug|x86.ActiveCfg = Debug|Win32
		{12C4C7BA-1D48-409D-A888-6FE38820C642}.Debug|x86.Build.0 = Debug|Win32
		{12C4C7BA-1D48-409D-A888-6FE38820C642}.Release|x64.ActiveCfg = Release|x64
		{12C4C7BA-1D48-409D-A888-6FE38820C642}.Release|x64.Build.0 = Release|x64
		{12C4C7BA-1D48-409D-A888-6FE38820C642}.Release|x86.ActiveCfg = Release|Win32
		{12C4C7BA-1D48-409D-A888-6FE38820C642}.Release|x86.Build.0 = Release|Win32
		{00CF2227-1B70-402A-8108-20998102B254}.Debug|x64.ActiveCfg = Debug|x64
		{00CF2227-1B70-402A-8108-20998102B254}.Debug|x64.Build.0 = Debug|x64
		{00CF2227-1B70-402A-8108-20998102B254}.Debug|x86.ActiveCfg = Debug|Win32
		{00CF2227-1B70-402A-8108-20998102B254}.Debug|x86.Build.0 = Debug|Win32
		{00CF2227-1B70-402A-8108-20998102B254}.Release|x64.ActiveCfg = Release|x64
		{00CF2227-1B70-402A-8108-20998102B254}.Release|x64.Build.0 = Release|x64
		{00CF2227-1B70-402A-8108-20998102B254}.Release|x86.ActiveCfg = Release|Win32
		{00CF2227-1B70-402A-8108-20998102B254}.Release|x86.Build.0 = Release|Win32
		{A07E4ABF-9E71-40FD-A0C4-10BFFC563014}.Debug|x64.ActiveCfg = Debug|x64
		{A07E4ABF-9E71-40FD-A0C4-10BFFC563014}.Debug|x64.Build.0 = Debug|x64
		{A07E4ABF-9E71-40FD-A0C4-10BFFC563014}.Debug|x86.ActiveCfg = Debug|Win32
		{A07E4ABF-9E71-40FD-A0C4-10BFFC563014}.Debug|x86.Build.0 = Debug|Win32
		{A07E4ABF-9E71-40FD-A0C4-10BFFC563014}.Release|x64.ActiveCfg = Release|x64
		{A07E4ABF-9E71-40FD-A0C4-10BFFC563014}.Release|x64.Build.0 = Release|x64
		{A07E4ABF-9E71-40FD-A0C4-10BFFC563014}.Release|x86.ActiveCfg = Release|Win32
		{A07E4ABF-9E71-40FD-A0C4-10BFFC563014}.Release|x86.Build.0 = Release|Win32
		{3EAAAA58-D34E-451F-A28B-5CAB8503B5CE}.Debug|x64.ActiveCfg = Debug|x64
		{3EAAAA58-D34E-451F-A28B-5CAB8503B5CE}.Debug|x64.Build.0 = Debug|x64
		{3EAAAA58-D34E-451F-A28B-5CAB8503B5CE}.Debug|x86.ActiveCfg = Debug|Win32
		{3EAAAA58-D34E-451F-A28B-5CAB8503B5CE}.Debug|x86.Build.0 = Debug|Win32
		{3EAAAA58-D34E-451F-A28B-5CAB8503B5CE}.Release|x64.ActiveCfg = Release|x64
		{3EAAAA58-D34E-451F-A28B-5CAB8503B5CE}.Release|x64.Build.0 = Release|x64
		{3EAAAA58-D34E-451F-A28B-5CAB8503B5CE}.Release|x86.ActiveCfg = Release|Win32
		{3EAAAA58-D34E-451F-A28B-5CAB8503B5CE}.Release|x86.Build.0 = Release|Win32
		{CC256990-96BD-4697-8237-5F398684D515}.Debug|x64.ActiveCfg = Debug|x64
		{CC256990-96BD-4697-8237-5F398684D515}.Debug|x64.Build.0 = Debug|x64
		{CC256990-96BD-4697-8237-5F398684D515}.Debug|x86.ActiveCfg = Debug|Win32
		{CC256990-96BD-4697-8237-5F398684D515}.Debug|x86.Build.0 = Debug|Win32
		{CC256990-96BD-4697-8237-5F398684D515}.Release|x64.ActiveCfg = Release|x64
		{CC256990-96BD-4697-8237-5F398684D515}.Release|x64.Build.0 = Release|x64
		{CC256990-96BD-4697-8237-5F398684D515}.Release|x86.ActiveCfg = Release|Win32
		{CC256990-96BD-4697-8237-5F398684D515}.Release|x86.Build.0 = Release|Win32
		{CE2EEB2B-B806-4484-911B-371FBF366A5D}.Debug|x64.ActiveCfg = Debug|x64
		{CE2EEB2B-B806-4484-911B-371FBF366A5D}.Debug|x64.Build.0 = Debug|x64
		{CE2EEB2B-B806-4484-911B-371FBF366A5D}.Debug|x86.ActiveCfg = Debug|Win32
		{CE2EEB2B-B806-4484-911B-371FBF366A5D}.Debug|x86.Build.0 = Debug|Win32
		{CE2EEB2B-B806-4484-911B-371FBF366A5D}.Release|x64.ActiveCfg = Release|x64
		{CE2EEB2B-B806-4484-911B-371FBF366A5D}.Release|x64.Build.0 = Release|x64
		{CE2EEB2B-B806-4484-911B-371FBF366A5D}.Release|x86.ActiveCfg = Release|Win32
		{CE2EEB2B-B806-4484-911B-371FBF366A5D}.Release|x86.Build.0 = Release|Win32
		{43FEF93B-44B6-4541-9611-14BC6C2AC891}.Debug|x64.ActiveCfg = Debug|x64
		{43FEF93B-44B6-4541-9611-14BC6C2AC891}.Debug|x64.Build.0 = Debug|x64
		{43FEF93B-44B6-4541-9611-14BC6C2AC891}.Debug|x86.ActiveCfg = Debug|Win32
		{43FEF93B-44B6-4541-9611-14BC6C2AC891}.Debug|x86.Build.0 = Debug|Win32
		{43FEF93B-44B6-4541-9611-14BC6C2AC891}.Release|x64.ActiveCfg = Release|x64
		{43FEF93B-44B6-4541-9611-14BC6C2AC891}.Release|x64.Build.0 = Release|x64
		{43FEF93B-44B6-4541-9611-14BC6C2AC891}.Release|x86.ActiveCfg = Release|Win32
		{43FEF93B-44B6-4541-9611-14BC6C2AC891}.Release|x86.Build.0 = Release|Win32
		{B4672462-2002-47D6-AA72-9DAAB64A407D}.Debug|x64.ActiveCfg = Debug|x64
		{B4672462-2002-47D6-AA72-9DAAB64A407D}.Debug|x64.Build.0 = Debug|x64
		{B4672462-2002-47D6-AA72-9DAAB64A407D}.Debug|x86.ActiveCfg = Debug|Win32
		{B4672462-2002-47D6-AA72-9DAAB64A407D}.Debug|x86.Build.0 = Debug|Win32
		{B4672462-2002-47D6-AA72-9DAAB64A407D}.Release|x64.ActiveCfg = Release|x64
		{B4672462-2002-47D6-AA72-9DAAB64A407D}.Release|x64.Build.0 = Release|x64
		{B4672462-2002-47D6-AA72-9DAAB64A407D}.Release|x86.ActiveCfg = Release|Win32
		{B4672462-2002-47D6-AA72-9DAAB64A407D}.Release|x86.Build.0 = Release|Win32
		{D2A217FF-1F35-42AE-9B81-4D84B0E93443}.Debug|x64.ActiveCfg = Debug|x64
		{D2A217FF-1F35-42AE-9B81-4D84B0E93443}.Debug|x64.Build.0 = Debug|x64
		{D2A217FF-1F35-42AE-9B81-4D84B0E93443}.Debug|x86.ActiveCfg = Debug|Win32
		{D2A217FF-1F35-42AE-9B81-4D84B0E93443}.Debug|x86.Build.0 = Debug|Win32
		{D2A217FF-1F35-42AE-9B81-4D84B0E93443}.Release|x64.ActiveCfg = Release|x64
		{D2A217FF-1F35-42AE-9B81-4D84B0E93443}.Release|x64.Build.0 = Release|x64
		{D2A217FF-1F35-42AE-9B81-4D84B0E93443}.Release|x86.ActiveCfg = Release|Win32
		{D2A217FF-1F35-42AE-9B81-4D84B0E93443}.Release|x86.Build.0 = Release|Win32
		{66385923-BAF2-4525-929E-1CDA89E96BD6}.Debug|x64.ActiveCfg = Debug|x64
		{66385923-BAF2-4525-929E-1CDA89E96BD6}.Debug|x64.Build.0 = Debug|x64
		{66385923-BAF2-4525-929E-1CDA89E96BD6}.Debug|x86.ActiveCfg = Debug|Win32
		{66385923-BAF2-4525-929E-1CDA89E96BD6}.Debug|x86.Build.0 = Debug|Win32
		{66385923-BAF2-4525-929E-1CDA89E96BD6}.Release|x64.ActiveCfg = Release|x64
		{66385923-BAF2-4525-929E-1CDA89E96BD6}.Release|x64.Build.0 = Release|x64
		{66385923-BAF2-4525-929E-1CDA89E96BD6}.Release|x86.ActiveCfg = Release|Win32
		{66385923-BAF2-4525-929E-1CDA89E96BD6}.Release|x86.Build.0 = Release|Win32
		{E5BED09A-18D3-478A-AF93-FE02B25A0537}.Debug|x64.ActiveCfg = Debug|x64
		{E5BED09A-18D3-478A-AF93-FE02B25A0537}.Debug|x64.Build.0 = Debug|x64
		{E5BED09A-18D3-478A-AF93-FE02B25A0537}.Debug|x86.ActiveCfg = Debug|Win32
		{E5BED09A-18D3-478A-AF93-FE02B25A0537}.Debug|x86.Build.0 = Debug|Win32
		{E5BED09A-18D3-478A-AF93-FE02B25A0537}.Release|x64.ActiveCfg = Release|x64
		{E5BED09A-18D3-478A-AF93-FE02B25A0537}.Release|x64.Build.0 = Release|x64
		{E5BED09A-18D3-478A-AF93-FE02B25A0537}.Release|x86.ActiveCfg = Release|Win32
		{E5BED09A-18D3-478A-AF93-FE02B25A0537}.Release|x86.Build.0 = Release|Win32
		{AAA8B810-76ED-4500-A1A5-3FCA33C316AD}.Debug|x64.ActiveCfg = Debug|x64
		{AAA8B810-76ED-4500-A1A5-3FCA33C316AD}.Debug|x64.Build.0 = Debug|x64
		{AAA8B810-76ED-4500-A1A5-3FCA33C316AD}.Debug|x86.ActiveCfg = Debug|Win32
		{AAA8B810-76ED-4500-A1A5-3FCA33C316AD}.Debug|x86.Build.0 = Debug|Win32
		{AAA8B810-76ED-4500-A1A5-3FCA33C316AD}.Release|x64.ActiveCfg = Release|x64
		{AAA8B810-76ED-4500-A1A5-3FCA33C316AD}.Release|x64.Build.0 = Release|x64
		{AAA8B810-76ED-4500-A1A5-3FCA33C316AD}.Release|x86.ActiveCfg = Release|Win32
		{AAA8B810-76ED-4500-A1A5-3FCA33C316AD}.Release|x86.Build.0 = Release|Win32
		{69F5F276-CE3A-4BE7-8028-60E8E316525D}.Debug|x64.ActiveCfg = Debug|x64
		{69F5F276-CE3A-4BE7-8028-60E8E316525D}.Debug|x64.Build.0 = Debug|x64
		{69F5F276-CE3A-4BE7-8028-60E8E316525D}.Debug|x86.ActiveCfg = Debug|Win32
		{69F5F276-CE3A-4BE7-8028-60E8E316525D}.Debug|x86.Build.0 = Debug|Win32
		{69F5F276-CE3A-4BE7-8028-60E8E316525D}.Release|x64.ActiveCfg = Release|x64
		{69F5F276-CE3A-4BE7-8028-60E8E316525D}.Release|x64.Build.0 = Release|x64
		{69F5F276-CE3A-4BE7-8028-60E8E316525D}.Release|x86.ActiveCfg = Release|Win32
		{69F5F276-CE3A-4BE7-8028-60E8E316525D}.Release|x86.Build.0 = Release|Win32
		{E2FF48BA-A783-4302-9ECB-7E0BE7334C9B}.Debug|x64.ActiveCfg = Debug|x64
		{E2FF48BA-A783-4302-9ECB-7E0BE7334C9B}.Debug|x64.Build.0 = Debug|x64
		{E2FF48BA-A783-4302-9ECB-7E0BE7334C9B}.Debug|x86.ActiveCfg = Debug|Win32
		{E2FF48BA-A783-4302-9ECB-7E0BE7334C9B}.Debug|x86.Build.0 = Debug|Win32
		{E2FF48BA-A783-4302-9ECB-7E0BE7334C9B}.Release|x64.ActiveCfg = Release|x64
		{E2FF48BA-A783-4302-9ECB-7E0BE7334C9B}.Release|x64.Build.0 = Release|x64
		{E2FF48BA-A783-4302-9ECB-7E0BE7334C9B}.Release|x86.ActiveCfg = Release|Win32
		{E2FF48BA-A783-4302-9ECB-7E0BE7334C9B}.Release|x86.Build.0 = Release|Win32
	EndGlobalSection
	GlobalSection(SolutionProperties) = preSolution
		HideSolutionNode = FALSE
	EndGlobalSection
	GlobalSection(NestedProjects) = preSolution
		{CE2EEB2B-B806-4484-911B-371FBF366A5D} = {85C18FFE-97C2-4412-84A1-51973567045E}
		{43FEF93B-44B6-4541-9611-14BC6C2AC891} = {85C18FFE-97C2-4412-84A1-51973567045E}
		{B4672462-2002-47D6-AA72-9DAAB64A407D} = {85C18FFE-97C2-4412-84A1-51973567045E}
		{D2A217FF-1F35-42AE-9B81-4D84B0E93443} = {973791C9-72AF-4AA3-935F-CE0E72FBBF0A}
		{66385923-BAF2-4525-929E-1CDA89E96BD6} = {973791C9-72AF-4AA3-935F-CE0E72FBBF0A}
		{E5BED09A-18D3-478A-AF93-FE02B25A0537} = {973791C9-72AF-4AA3-935F-CE0E72FBBF0A}
		{AAA8B810-76ED-4500-A1A5-3FCA33C316AD} = {973791C9-72AF-4AA3-935F-CE0E72FBBF0A}
		{69F5F276-CE3A-4BE7-8028-60E8E316525D} = {973791C9-72AF-4AA3-935F-CE0E72FBBF0A}
		{E2FF48BA-A783-4302-9ECB-7E0BE7334C9B} = {973791C9-72AF-4AA3-935F-CE0E72FBBF0A}
	EndGlobalSection
	GlobalSection(ExtensibilityGlobals) = postSolution
		SolutionGuid = {05EFA67A-DB01-4D31-8652-3ECCB954AC18}
	EndGlobalSection
EndGlobal
