
Microsoft Visual Studio Solution File, Format Version 12.00
# Visual Studio Version 17
VisualStudioVersion = 17.7.34003.232
MinimumVisualStudioVersion = 10.0.40219.1
Project("{8BC9CEB8-8B4A-11D0-8D11-00A0C91BC942}") = "CAD1024", "CAD1024\CAD1024.vcxproj", "{D85FD91B-986C-4B05-A935-2D9A3B7E50BA}"
	ProjectSection(ProjectDependencies) = postProject
		{CC256990-96BD-4697-8237-5F398684D515} = {CC256990-96BD-4697-8237-5F398684D515}
		{CE2EEB2B-B806-4484-911B-371FBF366A5D} = {CE2EEB2B-B806-4484-911B-371FBF366A5D}
	EndProjectSection
EndProject
Project("{8BC9CEB8-8B4A-11D0-8D11-00A0C91BC942}") = "WAX", "..\Source\WAX\WAX.vcxproj", "{CC256990-96BD-4697-8237-5F398684D515}"
EndProject
Project("{2150E333-8FDC-42A3-9474-1A3956D46DE8}") = "Renderers", "Renderers", "{B3186771-CF86-4335-A866-18FA9B0CC3D9}"
EndProject
Project("{8BC9CEB8-8B4A-11D0-8D11-00A0C91BC942}") = "CAD1024", "..\Source\CAD1024\CAD1024.vcxproj", "{CE2EEB2B-B806-4484-911B-371FBF366A5D}"
EndProject
Global
	GlobalSection(SolutionConfigurationPlatforms) = preSolution
		Debug|x64 = Debug|x64
		Debug|x86 = Debug|x86
		Release|x64 = Release|x64
		Release|x86 = Release|x86
	EndGlobalSection
	GlobalSection(ProjectConfigurationPlatforms) = postSolution
		{D85FD91B-986C-4B05-A935-2D9A3B7E50BA}.Debug|x64.ActiveCfg = Debug|x64
		{D85FD91B-986C-4B05-A935-2D9A3B7E50BA}.Debug|x64.Build.0 = Debug|x64
		{D85FD91B-986C-4B05-A935-2D9A3B7E50BA}.Debug|x86.ActiveCfg = Debug|Win32
		{D85FD91B-986C-4B05-A935-2D9A3B7E50BA}.Debug|x86.Build.0 = Debug|Win32
		{D85FD91B-986C-4B05-A935-2D9A3B7E50BA}.Release|x64.ActiveCfg = Release|x64
		{D85FD91B-986C-4B05-A935-2D9A3B7E50BA}.Release|x64.Build.0 = Release|x64
		{D85FD91B-986C-4B05-A935-2D9A3B7E50BA}.Release|x86.ActiveCfg = Release|Win32
		{D85FD91B-986C-4B05-A935-2D9A3B7E50BA}.Release|x86.Build.0 = Release|Win32
		{CC256990-96BD-4697-8237-5F398684D515}.Debug|x64.ActiveCfg = Debug|x64
		{CC256990-96BD-4697-8237-5F398684D515}.Debug|x64.Build.0 = Debug|x64
		{CC256990-96BD-4697-8237-5F398684D515}.Debug|x86.ActiveCfg = Debug|Win32
		{CC256990-96BD-4697-8237-5F398684D515}.Debug|x86.Build.0 = Debug|Win32
		{CC256990-96BD-4697-8237-5F398684D515}.Release|x64.ActiveCfg = Release|x64
		{CC256990-96BD-4697-8237-5F398684D515}.Release|x64.Build.0 = Release|x64
		{CC256990-96BD-4697-8237-5F398684D515}.Release|x86.ActiveCfg = Release|Win32
		{CC256990-96BD-4697-8237-5F398684D515}.Release|x86.Build.0 = Release|Win32
		{CE2EEB2B-B806-4484-911B-371FBF366A5D}.Debug|x64.ActiveCfg = Debug|x64
		{CE2EEB2B-B806-4484-911B-371FBF366A5D}.Debug|x64.Build.0 = Debug|x64
		{CE2EEB2B-B806-4484-911B-371FBF366A5D}.Debug|x86.ActiveCfg = Debug|Win32
		{CE2EEB2B-B806-4484-911B-371FBF366A5D}.Debug|x86.Build.0 = Debug|Win32
		{CE2EEB2B-B806-4484-911B-371FBF366A5D}.Release|x64.ActiveCfg = Release|x64
		{CE2EEB2B-B806-4484-911B-371FBF366A5D}.Release|x64.Build.0 = Release|x64
		{CE2EEB2B-B806-4484-911B-371FBF366A5D}.Release|x86.ActiveCfg = Release|Win32
		{CE2EEB2B-B806-4484-911B-371FBF366A5D}.Release|x86.Build.0 = Release|Win32
	EndGlobalSection
	GlobalSection(SolutionProperties) = preSolution
		HideSolutionNode = FALSE
	EndGlobalSection
	GlobalSection(NestedProjects) = preSolution
		{CE2EEB2B-B806-4484-911B-371FBF366A5D} = {B3186771-CF86-4335-A866-18FA9B0CC3D9}
	EndGlobalSection
	GlobalSection(ExtensibilityGlobals) = postSolution
		SolutionGuid = {51DF6B78-5E7E-4C93-9848-B633A7F09E45}
	EndGlobalSection
EndGlobal
